dependencies:
- name: common
  repository: oci://registry-1.docker.io/bitnamicharts
  version: 2.31.3
- name: rabbitmq
  repository: oci://registry-1.docker.io/bitnamicharts
  version: 16.0.8
digest: sha256:6aad3a0d05549575a1851241959039dd7201ebaa3ced8d79a215a8140fed7261
generated: "2025-06-16T10:35:08.858675543+02:00"
