dependencies:
- name: minio
  repository: oci://registry-1.docker.io/bitnamicharts
  version: 14.7.0
- name: common
  repository: oci://registry-1.docker.io/bitnamicharts
  version: 2.22.0
digest: sha256:35200964cc3de0b51453eb0ce12cf6c58bc4b7c5547e136294918ed2d569379c
generated: "2024-08-13T15:04:37.391622891Z"
