dependencies:
- name: minio
  repository: https://charts.bitnami.com/bitnami
  version: 11.0.0
- name: common
  repository: https://charts.bitnami.com/bitnami
  version: 1.11.3
digest: sha256:ec742d36f5195fa5fc697e78e1a4fbe9619b360cdee5af1558792d106887481e
generated: "2022-03-07T16:34:09.414746383Z"
