dependencies:
- name: etcd
  repository: https://charts.bitmoa.net/bitmoa/
  version: 12.0.18
- name: common
  repository: https://charts.bitmoa.net/bitmoa/
  version: 2.31.4
digest: sha256:a78fb46030a9ac1fed2a55fbc35d4c5dcd6dc13981d9fc7308320938b82d3e2f
generated: "2025-09-16T18:10:56.147307255+09:00"
