dependencies:
- name: etcd
  repository: https://charts-dev.bitmoa.net/bitmoa/
  version: 12.0.18
- name: common
  repository: https://charts-dev.bitmoa.net/bitmoa/
  version: 2.31.4
digest: sha256:ce81a93097cb7dfa715156e895fde0e0d0f2495f9eaf97e70372af37b62b3bc1
generated: "2025-09-16T17:10:41.888877035+09:00"
