dependencies:
- name: wavefront
  repository: https://charts.bitnami.com/bitnami
  version: 3.1.27
- name: common
  repository: https://charts.bitnami.com/bitnami
  version: 1.11.2
digest: sha256:cd6e9078a3047d5e69a4591c3080f3222521e42f6e31923dd71927862b5756c0
generated: "2022-03-02T09:15:26.506545498Z"
