dependencies:
- name: wavefront
  repository: https://charts.bitnami.com/bitnami
  version: 3.4.0
- name: common
  repository: https://charts.bitnami.com/bitnami
  version: 1.13.0
digest: sha256:b35182f7018b324cf0bfe9c3a9addba5b059e905614e9e4c629fe7a4162d106b
generated: "2022-04-18T22:05:35.693084563Z"
