dependencies:
- name: wavefront
  repository: https://charts.bitnami.com/bitnami
  version: 3.1.3
- name: common
  repository: https://charts.bitnami.com/bitnami
  version: 1.6.1
digest: sha256:16214b9481d9a1e35465c73cd51cb8be4905763fa1318f3cd65d3789c52d8787
generated: "2021-06-26T21:55:51.473622281Z"
