dependencies:
- name: common
  repository: https://charts.bitmoa.net/bitmoa/
  version: 2.31.4
- name: cassandra
  repository: https://charts.bitmoa.net/bitmoa/
  version: 12.3.11
digest: sha256:44fc729c995932c674bb72e52580a62d91d241f60f03a1c725e86a816a0f8478
generated: "2025-09-16T18:11:18.754904326+09:00"
