dependencies:
- name: mariadb
  repository: https://charts.bitnami.com/bitnami
  version: 9.3.16
- name: common
  repository: https://charts.bitnami.com/bitnami
  version: 1.6.1
digest: sha256:248765939df75941263e58f42c23da50bd72e927c22ab49c0b47af276f87ce64
generated: "2021-07-01T06:32:55.962791359Z"
