dependencies:
- name: mariadb
  repository: https://charts.bitnami.com/bitnami
  version: 9.0.0
- name: common
  repository: https://charts.bitnami.com/bitnami
  version: 1.0.0
digest: sha256:15fe4b2dd0a14e80e43e1a9f6dd23e0cbbe47549f709fc4f69f880e953f26184
generated: "2020-11-11T18:37:17.051375057Z"
