dependencies:
- name: rabbitmq
  repository: https://charts.bitnami.com/bitnami
  version: 10.1.5
- name: mariadb
  repository: https://charts.bitnami.com/bitnami
  version: 11.0.10
- name: kafka
  repository: https://charts.bitnami.com/bitnami
  version: 17.2.3
- name: common
  repository: https://charts.bitnami.com/bitnami
  version: 1.16.0
digest: sha256:4c828653937dec09ef29f897e03c3392dab4cd2c0b253c0b769e26a5cfec5bd9
generated: "2022-06-06T15:31:54.996900054Z"
