dependencies:
- name: rabbitmq
  repository: https://charts.bitnami.com/bitnami
  version: 8.30.0
- name: mariadb
  repository: https://charts.bitnami.com/bitnami
  version: 10.4.0
- name: kafka
  repository: https://charts.bitnami.com/bitnami
  version: 15.4.0
- name: common
  repository: https://charts.bitnami.com/bitnami
  version: 1.11.3
digest: sha256:e4f2f6547340407d6b26dba55811dd0fbd3faf66b5f632072fde2bdff3e48a24
generated: "2022-03-15T17:27:24.592188588Z"
