dependencies:
- name: rabbitmq
  repository: oci://registry-1.docker.io/bitnamicharts
  version: 12.7.0
- name: mariadb
  repository: oci://registry-1.docker.io/bitnamicharts
  version: 15.0.1
- name: kafka
  repository: oci://registry-1.docker.io/bitnamicharts
  version: 26.6.3
- name: common
  repository: oci://registry-1.docker.io/bitnamicharts
  version: 2.14.1
digest: sha256:22f9e361a38b30075cabe8335c27bd12eba46372d094407770f641ac99604341
generated: "2024-01-16T16:43:32.576851846Z"
