dependencies:
- name: common
  repository: https://charts.bitnami.com/bitnami
  version: 0.3.1
- name: mariadb
  repository: https://charts.bitnami.com/bitnami
  version: 7.6.1
- name: rabbitmq
  repository: https://charts.bitnami.com/bitnami
  version: 7.5.1
- name: kafka
  repository: https://charts.bitnami.com/bitnami
  version: 11.3.4
digest: sha256:8d09295d869a963c6d14f792c58f30a4fec4985536e7d39f500ba80795b69037
generated: "2020-07-10T16:18:49.382513011Z"
