dependencies:
- name: common
  repository: https://charts.bitnami.com/bitnami
  version: 0.6.2
- name: mariadb
  repository: https://charts.bitnami.com/bitnami
  version: 7.10.1
- name: rabbitmq
  repository: https://charts.bitnami.com/bitnami
  version: 7.6.6
- name: kafka
  repository: https://charts.bitnami.com/bitnami
  version: 11.8.4
digest: sha256:002b3861a0b2c6083f8396b3cea39e20b7c43dc16870d5e5040d2b59f955c9df
generated: "2020-09-19T18:41:41.275035706Z"
