dependencies:
- name: redis
  repository: https://charts.bitmoa.net/bitmoa/
  version: 22.0.7
- name: common
  repository: https://charts.bitmoa.net/bitmoa/
  version: 2.31.4
digest: sha256:fa4bd007adae0221d12bd59173089d4845c0c6dc6d37c9f6827fc9f08c692661
generated: "2025-09-16T18:10:51.227014117+09:00"
