dependencies:
- name: zookeeper
  repository: https://charts.bitnami.com/bitnami
  version: 10.1.1
- name: common
  repository: https://charts.bitnami.com/bitnami
  version: 2.0.2
digest: sha256:b751443e4d5ccf7969423b0b214feae62ba730612474c50e80cdaa64ca4a1524
generated: "2022-09-07T20:29:16.337666012Z"
