dependencies:
- name: zookeeper
  repository: oci://registry-1.docker.io/bitnamicharts
  version: 13.5.0
- name: common
  repository: oci://registry-1.docker.io/bitnamicharts
  version: 2.26.0
digest: sha256:e4316bf7bfcb917868ba9ddf561afa1e9f72509c2d986a8e789e0e6ba66e1166
generated: "2024-10-20T01:06:05.97023327Z"
