dependencies:
- name: kibana
  repository: oci://registry-1.docker.io/bitnamicharts
  version: 11.0.6
- name: common
  repository: oci://registry-1.docker.io/bitnamicharts
  version: 2.19.2
digest: sha256:9baf670c5086213cf48594dc5fc500140d0b0f6cb9a99f6f13e5bab697385983
generated: "2024-05-14T12:46:14.595728349Z"
