dependencies:
- name: kibana
  repository: https://charts.bitnami.com/bitnami
  version: 9.3.12
- name: common
  repository: https://charts.bitnami.com/bitnami
  version: 1.13.0
digest: sha256:b7c0b620276736219412f1025f93a43881c2beb9df732374517d6732a71f0c86
generated: "2022-03-28T06:43:47.278353024Z"
