dependencies:
- name: common
  repository: https://charts.bitnami.com/bitnami
  version: 0.8.0
- name: kibana
  repository: https://charts.bitnami.com/bitnami
  version: 5.3.12
digest: sha256:6fc4ecf8950a2577b92e8a2ebd4c1bc726b4bddfafa24ec10f074d8b7b0b4e44
generated: "2020-10-04T22:58:44.472405335Z"
