dependencies:
- name: memcached
  repository: https://charts.bitmoa.net/bitmoa/
  version: 7.9.7
- name: common
  repository: https://charts.bitmoa.net/bitmoa/
  version: 2.31.4
digest: sha256:187907bdb11eac5223fa7656100ae7f0a8a97f3e2671651c99a14247b1a70b39
generated: "2025-09-16T18:11:16.086347779+09:00"
