dependencies:
- name: wavefront
  repository: https://charts.bitnami.com/bitnami
  version: 4.2.9
- name: common
  repository: https://charts.bitnami.com/bitnami
  version: 2.2.2
digest: sha256:f1dec2daf913f22921c455a09ec73f93eafaa16af8cb131e271ab8a3d04d2e9a
generated: "2023-02-02T21:29:01.358445276Z"
