dependencies:
- name: wavefront
  repository: https://charts.bitnami.com/bitnami
  version: 1.3.1
- name: common
  repository: https://charts.bitnami.com/bitnami
  version: 1.4.1
digest: sha256:25151f481d0f794df3325be4dec61897364269841908e1e79e84d10586ab9f09
generated: "2021-03-17T11:02:27.86642+01:00"
