dependencies:
- name: mariadb
  repository: https://charts.bitnami.com/bitnami
  version: 11.0.14
- name: common
  repository: https://charts.bitnami.com/bitnami
  version: 1.16.0
digest: sha256:041097abd8131128f0d70c63739fd6a3de074679ef7c1cbbbad4b3b25cd0a135
generated: "2022-07-08T06:06:49.057126707Z"
