dependencies:
- name: common
  repository: https://charts.bitnami.com/bitnami
  version: 1.10.3
- name: mariadb
  repository: https://charts.bitnami.com/bitnami
  version: 10.3.0
digest: sha256:7f259a30e09f1092ccba002de2e4dfeac10c14705ca7c7049679d1a1bd571bb3
generated: "2022-01-12T05:08:35.512420425Z"
