dependencies:
- name: cassandra
  repository: https://charts.bitmoa.net/bitmoa/
  version: 12.3.11
- name: common
  repository: https://charts.bitmoa.net/bitmoa/
  version: 2.31.4
digest: sha256:5ba8bb0bdf5a953a2460e4a028bda626ed141f64a0dd5f1e571ca33cf5305769
generated: "2025-09-16T18:11:19.565618872+09:00"
