dependencies:
- name: memcached
  repository: https://charts.bitmoa.net/bitmoa/
  version: 7.9.7
- name: mariadb
  repository: https://charts.bitmoa.net/bitmoa/
  version: 22.0.0
- name: common
  repository: https://charts.bitmoa.net/bitmoa/
  version: 2.31.4
digest: sha256:6c34bf42a38721fc8b9af3a5e201a353ecbd68203ec7b8ed8c8f76c534695de2
generated: "2025-09-16T18:12:03.77517982+09:00"
