dependencies:
- name: mariadb
  repository: https://charts.bitnami.com/bitnami
  version: 9.3.15
- name: common
  repository: https://charts.bitnami.com/bitnami
  version: 1.6.1
digest: sha256:6954e9745305ce0036b15aa3ee59baa2d00c013a421772633b830029e8be53ec
generated: "2021-06-24T01:39:08.329524035Z"
