dependencies:
- name: mariadb
  repository: https://charts.bitnami.com/bitnami
  version: 9.3.13
- name: common
  repository: https://charts.bitnami.com/bitnami
  version: 1.5.2
digest: sha256:a5b01e4abac69adee55e30edd8af64b4994b9fa1506bab66340f4a2798b5c152
generated: "2021-05-28T08:30:49.500755278Z"
