dependencies:
- name: mongodb
  repository: https://charts.bitnami.com/bitnami
  version: 7.11.1
- name: postgresql
  repository: https://charts.bitnami.com/bitnami
  version: 8.9.1
digest: sha256:bec1eb6964d077d775be68be65a04a46a7244d426091b6179acf2df9076a76f2
generated: "2020-04-22T10:21:48.840081009Z"
