dependencies:
- name: mongodb
  repository: https://kubernetes-charts.storage.googleapis.com
  version: 7.8.8
- name: postgresql
  repository: https://kubernetes-charts.storage.googleapis.com
  version: 8.6.2
digest: sha256:485abcf3ee427a96a8dc425b738843bef5aed937c65071fde33584e0bae2ea51
generated: "2020-03-11T14:15:17.22787622Z"
