dependencies:
- name: cassandra
  repository: oci://registry-1.docker.io/bitnamicharts
  version: 11.0.1
- name: common
  repository: oci://registry-1.docker.io/bitnamicharts
  version: 2.19.1
digest: sha256:56cd02afb5fb2de6e6ce92b2a417314d7b266d41432ff1343d5117832ea04228
generated: "2024-04-01T12:56:21.01822+02:00"
