dependencies:
- name: cassandra
  repository: oci://registry-1.docker.io/bitnamicharts
  version: 12.1.4
- name: common
  repository: oci://registry-1.docker.io/bitnamicharts
  version: 2.30.0
digest: sha256:c3085e9a2a6a8c2b5f0f01d9cb5244a382e4c24d2497fe0f6d2d73c84084cce7
generated: "2025-02-24T09:56:47.718319626Z"
