dependencies:
- name: mariadb
  repository: https://charts.bitnami.com/bitnami
  version: 9.2.3
- name: common
  repository: https://charts.bitnami.com/bitnami
  version: 1.3.6
digest: sha256:9250ad0fb46e8fa2664b8120c4cdc80f90c1b2f99b05b62e6f97cb8ce01bfa77
generated: "2021-01-19T12:47:58.558816281Z"
