dependencies:
- name: mariadb
  repository: https://charts.bitnami.com/bitnami
  version: 9.1.2
- name: common
  repository: https://charts.bitnami.com/bitnami
  version: 1.1.2
digest: sha256:1f9feee2b7e76d92206c4add08806931c512f89eccbf2ce0367ea3d1b095cdda
generated: "2020-12-16T11:18:03.040481+01:00"
