dependencies:
- name: mariadb
  repository: https://charts.bitnami.com/bitnami
  version: 9.4.4
- name: common
  repository: https://charts.bitnami.com/bitnami
  version: 1.8.0
digest: sha256:226d2355cf22f5807585dafbceefea07c29bf11c188ce21768c4154265c043c9
generated: "2021-08-26T15:11:54.658443027Z"
