dependencies:
- name: common
  repository: https://charts.bitnami.com/bitnami
  version: 0.7.1
- name: mariadb
  repository: https://charts.bitnami.com/bitnami
  version: 7.10.2
digest: sha256:21890bc0975f938a0ea4fa211ee97e1fa535551bbe7d84edf2f9971d0a8b0274
generated: "2020-09-25T13:18:30.094996+02:00"
