# Test values file for generating all of the yaml and check that
# the rendering is correct

serverBlock: |-
  server {
   listen 0.0.0.0:8080;
   root /app;
   location / {
     index index.html index.php;
   }
   location ~ \.php$ {
     fastcgi_pass phpfpm-server:9000;
     fastcgi_index index.php;
     include fastcgi.conf;
   }
  }

ingress:
  enabled: true
  tls: []

metrics:
  enabled: true
  ## Kubeval doesn't recognise ServiceMonitor as a valid K8s object
  # serviceMonitor:
  #   enabled: true
