dependencies:
- name: redis
  repository: oci://ghcr.io/cloudcops
  version: 21.0.0
- name: postgresql
  repository: oci://ghcr.io/cloudcops
  version: 16.6.7
- name: common
  repository: oci://ghcr.io/cloudcops
  version: 2.31.3
digest: sha256:d3803d9c5e0e8a6fe50d8dbc85d72ce33beb9fb574a21ad5940b5e8dd830534e
generated: "2025-05-07T11:33:52.653405646+02:00"
