dependencies:
- name: postgresql
  repository: https://charts.bitmoa.net/bitmoa/
  version: 16.7.27
- name: common
  repository: https://charts.bitmoa.net/bitmoa/
  version: 2.31.4
digest: sha256:778ce79928d620c0edbd1ae8a4b8e4154b2a5a1c0786839adbdb6cac95a88e45
generated: "2025-09-16T18:11:09.832833883+09:00"
