dependencies:
- name: mariadb
  repository: oci://registry-1.docker.io/bitnamicharts
  version: 18.0.1
- name: common
  repository: oci://registry-1.docker.io/bitnamicharts
  version: 2.19.1
digest: sha256:8152fb970adce3298cd192b3735eadb1ae427b09ab57eecb56126a810c0f0f75
generated: "2024-04-10T14:08:09.207002+02:00"
