dependencies:
- name: mariadb
  repository: oci://registry-1.docker.io/bitnamicharts
  version: 19.0.7
- name: postgresql
  repository: oci://registry-1.docker.io/bitnamicharts
  version: 16.0.0
- name: common
  repository: oci://registry-1.docker.io/bitnamicharts
  version: 2.24.0
digest: sha256:963c88f911e4779a1ebc332afaa9becfe9f078c391a98419d35fc489d46a1034
generated: "2024-10-03T18:17:45.516066859Z"
