dependencies:
- name: mariadb
  repository: oci://registry-1.docker.io/bitnamicharts
  version: 20.5.3
- name: postgresql
  repository: oci://registry-1.docker.io/bitnamicharts
  version: 16.6.6
- name: common
  repository: oci://registry-1.docker.io/bitnamicharts
  version: 2.31.0
digest: sha256:b3f587eb047f2ab322ed563e2611566d89ea708c944b0b921e1ac192196fa57f
generated: "2025-05-06T11:03:57.942826767+02:00"
