dependencies:
- name: mariadb
  repository: https://charts.bitnami.com/bitnami
  version: 11.2.1
- name: common
  repository: https://charts.bitnami.com/bitnami
  version: 2.0.1
digest: sha256:88a20a23d47a629fa21138bbd0290d021406e3a9f9981ab6ec1b5b50a2623059
generated: "2022-08-23T22:27:01.980935586Z"
