dependencies:
- name: cassandra
  repository: oci://registry-1.docker.io/bitnamicharts
  version: 12.3.5
- name: common
  repository: oci://registry-1.docker.io/bitnamicharts
  version: 2.30.0
digest: sha256:a2c2e139a194aaa98cecd70f0627d3d793508362b4d7607e3bd6f1e8a8db4d2c
generated: "2025-04-27T21:01:53.508622981Z"
