dependencies:
- name: redis
  repository: https://charts.bitnami.com/bitnami
  version: 16.8.0
- name: postgresql
  repository: https://charts.bitnami.com/bitnami
  version: 11.1.13
- name: common
  repository: https://charts.bitnami.com/bitnami
  version: 1.13.0
digest: sha256:0f207beed359795325fa884a7a2815bac9df00dd2881f7ff579859667454086e
generated: "2022-04-01T19:55:02.542884936Z"
