dependencies:
- name: postgresql
  repository: https://charts.bitnami.com/bitnami
  version: 8.6.7
- name: redis
  repository: https://charts.bitnami.com/bitnami
  version: 10.5.12
digest: sha256:161704611665c084d5dc1e8714ea6380549df1e173ab011978bf6df8f4cd5823
generated: "2020-03-20T10:20:46.170580919Z"
