dependencies:
- name: postgresql
  repository: https://charts.bitnami.com/bitnami
  version: 8.3.4
- name: redis
  repository: https://charts.bitnami.com/bitnami
  version: 10.5.2
digest: sha256:90c87eddb384b12d74b18afc5244679dc71469d8cea81335ffe9603c58deaf76
generated: "2020-02-17T15:04:05.342586+01:00"
