dependencies:
- name: postgresql
  repository: https://charts.bitnami.com/bitnami
  version: 9.1.2
- name: redis
  repository: https://charts.bitnami.com/bitnami
  version: 10.7.12
- name: common
  repository: https://charts.bitnami.com/bitnami
  version: 0.3.1
digest: sha256:9bb479fcdc7da712e413fd65e8c6f554efadcf7ded51ac8a71946498576051ce
generated: "2020-08-03T12:58:10.501578024Z"
