dependencies:
- name: postgresql
  repository: https://charts.bitmoa.net/bitmoa/
  version: 16.7.27
- name: mysql
  repository: https://charts.bitmoa.net/bitmoa/
  version: 14.0.3
- name: common
  repository: https://charts.bitmoa.net/bitmoa/
  version: 2.31.4
digest: sha256:3b94749068c39bdca3d19631f748889dd52013ec29a476f980f30cd834f346f1
generated: "2025-09-16T18:10:51.956377468+09:00"
