dependencies:
- name: postgresql
  repository: https://charts.bitmoa.net/bitmoa/
  version: 16.7.27
- name: mariadb
  repository: https://charts.bitmoa.net/bitmoa/
  version: 22.0.0
- name: common
  repository: https://charts.bitmoa.net/bitmoa/
  version: 2.31.4
digest: sha256:58b8e170ba11cbe4bb4255dac402d0bb7f90cddf78c91a84da740c7a206952b1
generated: "2025-09-16T18:11:52.581629624+09:00"
