dependencies:
- name: mariadb
  repository: https://charts.bitnami.com/bitnami
  version: 9.3.11
- name: common
  repository: https://charts.bitnami.com/bitnami
  version: 1.5.2
digest: sha256:332be3fe50747af15753578807965a74cebce235a58fbd030ce7a75ca6d15422
generated: "2021-05-23T14:16:44.251506561Z"
