dependencies:
- name: mariadb
  repository: https://charts.bitnami.com/bitnami
  version: 7.7.1
- name: common
  repository: https://charts.bitnami.com/bitnami
  version: 0.4.0
digest: sha256:521e21b21df3b160fac4116dd4083208bdd453e103dd0760eeab9f48bb026fb0
generated: "2020-08-05T00:29:04.834867289Z"
