dependencies:
- name: mongodb
  repository: https://charts.bitnami.com/bitnami
  version: 11.1.3
- name: common
  repository: https://charts.bitnami.com/bitnami
  version: 1.13.0
digest: sha256:6c73e47b8d8295a56943024b304a61ff11f794191ac8a0bd0ba3a8702ce932ad
generated: "2022-03-29T00:20:24.470804047Z"
