dependencies:
- name: mongodb
  repository: oci://registry-1.docker.io/bitnamicharts
  version: 16.4.12
- name: common
  repository: oci://registry-1.docker.io/bitnamicharts
  version: 2.30.0
digest: sha256:2de7eff25ecb01fc46386be41c6b6c09ae4fe894c668e35814ba776caa8a519a
generated: "2025-04-04T04:40:57.447949711Z"
