dependencies:
- name: common
  repository: https://charts.bitnami.com/bitnami
  version: 1.2.3
- name: postgresql
  repository: https://charts.bitnami.com/bitnami
  version: 10.2.0
- name: redis
  repository: https://charts.bitnami.com/bitnami
  version: 12.2.4
digest: sha256:beabe714932d267d78755ea31b8283ee2706840f9c77504b8413fbab1687cb13
generated: "2020-12-31T12:23:32.715636+01:00"
