dependencies:
- name: common
  repository: https://charts.bitnami.com/bitnami
  version: 0.9.0
- name: postgresql
  repository: https://charts.bitnami.com/bitnami
  version: 9.8.5
- name: redis
  repository: https://charts.bitnami.com/bitnami
  version: 11.2.1
digest: sha256:8b871ceb656047e13af778226f2bd33c69dec99fa0636001cefae1568e5ec37d
generated: "2020-10-22T12:39:14.137415+02:00"
