dependencies:
- name: mysql
  repository: https://charts.bitmoa.net/bitmoa/
  version: 14.0.3
- name: common
  repository: https://charts.bitmoa.net/bitmoa/
  version: 2.31.4
digest: sha256:60eb5de74edf543ff45a0f4bdc7c2cd940fe39fd4d517d548b85d1b067fe97a2
generated: "2025-09-16T18:11:09.210827346+09:00"
