dependencies:
- name: mysql
  repository: https://charts-dev.bitmoa.net/bitmoa/
  version: 14.0.3
- name: common
  repository: https://charts-dev.bitmoa.net/bitmoa/
  version: 2.31.4
digest: sha256:90e6fbcf35d05cb265d1c59b3c71a7f9f7998848150afc5417fdc3e6308b613b
generated: "2025-09-16T17:10:46.75500191+09:00"
