dependencies:
- name: redis
  repository: oci://registry-1.docker.io/bitnamicharts
  version: 20.11.4
- name: postgresql
  repository: oci://registry-1.docker.io/bitnamicharts
  version: 16.6.0
- name: common
  repository: oci://registry-1.docker.io/bitnamicharts
  version: 2.30.0
digest: sha256:9733bacbdc0e0a693685327d14e0a37c2c3480df6965faf66128e68a90515c1f
generated: "2025-04-02T10:20:46.691857725Z"
