dependencies:
- name: redis
  repository: oci://registry-1.docker.io/bitnamicharts
  version: 20.9.0
- name: postgresql
  repository: oci://registry-1.docker.io/bitnamicharts
  version: 16.4.14
- name: common
  repository: oci://registry-1.docker.io/bitnamicharts
  version: 2.30.0
digest: sha256:973c19f18fb2fbbf7154bfa39cc93f249998d4cf06032be74b234974575c21db
generated: "2025-02-26T07:43:41.975773201Z"
