dependencies:
- name: postgresql
  repository: oci://registry-1.docker.io/bitnamicharts
  version: 12.4.2
- name: common
  repository: oci://registry-1.docker.io/bitnamicharts
  version: 2.2.5
digest: sha256:40473bd57fc3d6211ce747ee3dd626d922a059c90c69ebf70c58ac2beffdd56d
generated: "2023-05-06T16:56:48.893492949Z"
