dependencies:
- name: common
  repository: oci://registry-1.docker.io/bitnamicharts
  version: 2.29.0
- name: cassandra
  repository: oci://registry-1.docker.io/bitnamicharts
  version: 12.1.0
digest: sha256:09daa4cf1afec18a3220c39eb72bde25fc008676b592d604859a2d634263d327
generated: "2025-01-08T02:12:08.888601341Z"
