dependencies:
- name: common
  repository: oci://registry-1.docker.io/bitnamicharts
  version: 2.14.1
- name: cassandra
  repository: oci://registry-1.docker.io/bitnamicharts
  version: 10.8.2
digest: sha256:0c1383bd6f29068f0410f6ed429a77dada73a9dbef4810df1b569f41d079c64d
generated: "2024-01-30T02:59:12.009484314Z"
