dependencies:
- name: kafka
  repository: https://charts.bitnami.com/bitnami
  version: 14.7.1
- name: spark
  repository: https://charts.bitnami.com/bitnami
  version: 5.7.13
- name: elasticsearch
  repository: https://charts.bitnami.com/bitnami
  version: 17.5.2
- name: logstash
  repository: https://charts.bitnami.com/bitnami
  version: 3.6.20
- name: wavefront
  repository: https://charts.bitnami.com/bitnami
  version: 3.1.22
- name: common
  repository: https://charts.bitnami.com/bitnami
  version: 1.10.3
digest: sha256:3deb548545f4a45e4b68787c1004c615aaff04ba9ecfa1c9aa0ad14caa53c5ce
generated: "2021-12-17T12:18:17.480408813Z"
