dependencies:
- name: mariadb
  repository: https://charts.bitnami.com/bitnami
  version: 9.3.16
- name: common
  repository: https://charts.bitnami.com/bitnami
  version: 1.7.0
digest: sha256:db037bc1d8a272362c8952f89a35bcbd53b8a776911108c47fdd4d65efcc5462
generated: "2021-07-08T00:05:49.766279571Z"
