dependencies:
- name: postgresql
  repository: https://charts.bitnami.com/bitnami
  version: 11.8.1
- name: common
  repository: https://charts.bitnami.com/bitnami
  version: 2.0.2
digest: sha256:21c06581f01dec0b6b1dc73fcf3160146115183b71499b0f79daaf533c64080e
generated: "2022-09-07T20:38:35.747738276Z"
