dependencies:
- name: redis
  repository: https://charts.bitmoa.net/bitmoa/
  version: 22.0.7
- name: mongodb
  repository: https://charts.bitmoa.net/bitmoa/
  version: 16.5.45
- name: common
  repository: https://charts.bitmoa.net/bitmoa/
  version: 2.31.4
digest: sha256:d6ec3a7f057f82e609470cb9980eff03700aeb98609f062e12451a9664e81d5d
generated: "2025-09-16T18:10:49.906983522+09:00"
