dependencies:
- name: mongodb
  repository: https://charts.bitnami.com/bitnami
  version: 7.8.7
- name: bitnami-common
  repository: https://charts.bitnami.com/bitnami
  version: 0.0.8
digest: sha256:8d686df040ddef8c531c6e422e256665ccbbe8ddcd981acb102c12c97f95efb9
generated: "2020-03-03T08:29:59.807898548Z"
