dependencies:
- name: mongodb
  repository: https://charts.bitnami.com/bitnami
  version: 7.8.10
- name: bitnami-common
  repository: https://charts.bitnami.com/bitnami
  version: 0.0.8
digest: sha256:2fd5a2f49c95daa3909504f44b07eac7e4b5984818607f92aaf4354b730a971f
generated: "2020-03-12T07:16:18.136863457Z"
