dependencies:
- name: zookeeper
  repository: https://charts.bitnami.com/bitnami
  version: 9.1.1
- name: wavefront
  repository: https://charts.bitnami.com/bitnami
  version: 3.4.2
- name: spark
  repository: https://charts.bitnami.com/bitnami
  version: 6.0.0
- name: solr
  repository: https://charts.bitnami.com/bitnami
  version: 4.0.9
- name: kafka
  repository: https://charts.bitnami.com/bitnami
  version: 16.2.10
- name: common
  repository: https://charts.bitnami.com/bitnami
  version: 1.13.1
digest: sha256:bc5edaacb529e4eca047a9746f67e922528837d67e9b6184d5451297b0485111
generated: "2022-05-05T13:06:28.61395+02:00"
