dependencies:
- name: postgresql
  repository: https://charts.bitnami.com/bitnami
  version: 10.9.3
- name: common
  repository: https://charts.bitnami.com/bitnami
  version: 1.8.0
digest: sha256:833643c920b2f671b7ed770edac5b44fd11eea86e47ac8fd4e68a6220530dfb3
generated: "2021-08-25T02:14:33.646297174Z"
