dependencies:
- name: postgresql
  repository: https://charts.bitnami.com/bitnami
  version: 9.8.9
- name: common
  repository: https://charts.bitnami.com/bitnami
  version: 0.10.0
digest: sha256:26e00cd6f7ad93486144f484e2f73b1154db09aed7188f56af566be9f8027c88
generated: "2020-10-31T02:07:14.281462538Z"
