dependencies:
- name: etcd
  repository: oci://registry-1.docker.io/bitnamicharts
  version: 11.1.1
- name: common
  repository: oci://registry-1.docker.io/bitnamicharts
  version: 2.30.0
digest: sha256:1d6239bc2c7a0992b0652e24326613e686edc1834bff0a7b286efba5dc13bee9
generated: "2025-03-04T22:23:27.114663297Z"
