dependencies:
- name: mariadb
  repository: https://charts.bitnami.com/bitnami
  version: 11.0.10
- name: common
  repository: https://charts.bitnami.com/bitnami
  version: 1.16.0
digest: sha256:5ae9e178700378b39b2b14f37e788f113ef0c0ed8a83ee8fe617784ab4b42826
generated: "2022-06-06T15:00:28.376582876Z"
