dependencies:
- name: mariadb
  repository: https://charts.bitnami.com/bitnami
  version: 10.4.4
- name: common
  repository: https://charts.bitnami.com/bitnami
  version: 1.13.0
digest: sha256:e6f5017d981ba5f09dd2d88dedb6270e4c24a38c05fee6f7a8e6ecd98c2b0c06
generated: "2022-03-29T03:33:00.189760109Z"
