dependencies:
- name: mariadb
  repository: https://charts.bitnami.com/bitnami
  version: 10.4.1
- name: common
  repository: https://charts.bitnami.com/bitnami
  version: 1.12.0
digest: sha256:2a229820f9529c53536cefca5a0e57a027895e4cd66d6f06b92187559e644434
generated: "2022-03-16T22:12:17.160503731Z"
