dependencies:
- name: common
  repository: https://charts.bitnami.com/bitnami
  version: 2.20.5
- name: postgresql
  repository: https://charts.bitnami.com/bitnami
  version: 15.5.20
- name: vault
  repository: https://charts.bitnami.com/bitnami
  version: 1.4.16
digest: sha256:75494ecf8834d4799490dd6879e073bcf1228967025d7f93abe08d3458f11859
generated: "2024-08-05T16:18:36.486565+02:00"
