dependencies:
- name: common
  repository: oci://registry-1.docker.io/bitnamicharts
  version: 2.22.0
- name: postgresql
  repository: oci://registry-1.docker.io/bitnamicharts
  version: 15.5.28
- name: vault
  repository: oci://registry-1.docker.io/bitnamicharts
  version: 1.4.20
digest: sha256:aabbaf320c40eec45ee19849edd7e93a57aa3fff16e4b6ea9cea160284bec009
generated: "2024-09-05T21:16:33.893138147Z"
