dependencies:
- name: mariadb
  repository: https://charts.bitnami.com/bitnami
  version: 11.0.14
- name: elasticsearch
  repository: https://charts.bitnami.com/bitnami
  version: 19.0.1
- name: common
  repository: https://charts.bitnami.com/bitnami
  version: 1.16.0
digest: sha256:44390608770b0d9befbd6c0d233341779536549acde8803071637f998a7b8511
generated: "2022-07-08T14:10:33.559079+02:00"
