dependencies:
- name: mariadb
  repository: https://charts.bitnami.com/bitnami
  version: 11.5.5
- name: elasticsearch
  repository: https://charts.bitnami.com/bitnami
  version: 19.6.0
- name: common
  repository: https://charts.bitnami.com/bitnami
  version: 2.2.4
digest: sha256:3810066f1ca72a426fa01bb255c2639d7cee3287d6e81946a5be22f6860caecc
generated: "2023-04-01T13:13:30.063132122Z"
