dependencies:
- name: mariadb
  repository: https://charts.bitnami.com/bitnami
  version: 7.3.21
- name: elasticsearch
  repository: https://charts.bitnami.com/bitnami
  version: 11.0.19
digest: sha256:d3279ddbeb1ee8f73855a85d2f15614448f697c6486b52456321b7901b09ffe9
generated: "2020-04-22T06:33:48.517376934Z"
