dependencies:
- name: kafka
  repository: oci://registry-1.docker.io/bitnamicharts
  version: 26.11.1
- name: common
  repository: oci://registry-1.docker.io/bitnamicharts
  version: 2.16.1
digest: sha256:a29e160b6bfebf2b84efa10ba991339f70f46602a3ee0b0b1a4c81ab0fc5f736
generated: "2024-02-21T14:31:10.502936339Z"
