dependencies:
- name: kafka
  repository: oci://registry-1.docker.io/bitnamicharts
  version: 26.8.4
- name: common
  repository: oci://registry-1.docker.io/bitnamicharts
  version: 2.14.1
digest: sha256:547866bd3c39aa89e26259bb9ea63dc47eb133a6add06578370f4b8f522459ff
generated: "2024-02-02T11:07:43.364565227Z"
