dependencies:
- name: etcd
  repository: oci://registry-1.docker.io/bitnamicharts
  version: 9.5.5
- name: common
  repository: oci://registry-1.docker.io/bitnamicharts
  version: 2.13.2
digest: sha256:bb510677bfe618a74a2b32ef7e76d748cd807b3cda608ccaaffe679220bf7fef
generated: "2023-10-12T15:15:15.929891746Z"
