dependencies:
- name: etcd
  repository: oci://registry-1.docker.io/bitnamicharts
  version: 9.4.1
- name: common
  repository: oci://registry-1.docker.io/bitnamicharts
  version: 2.9.2
digest: sha256:2ad6c4f68129212d2e43f390dadd53e4c24c8fc7678a16d5477bd863de62bf22
generated: "2023-09-01T22:23:54.962896305Z"
