dependencies:
- name: postgresql
  repository: https://charts.bitmoa.net/bitmoa/
  version: 16.7.27
- name: common
  repository: https://charts.bitmoa.net/bitmoa/
  version: 2.31.4
digest: sha256:3e70c9ef1fb11875ac33ec171a5e2a5d4654e0c935bef003e4a44f2ef5f01cff
generated: "2025-09-16T18:10:58.77013534+09:00"
