dependencies:
- name: mysql
  repository: oci://registry-1.docker.io/bitnamicharts
  version: 9.20.1
- name: common
  repository: oci://registry-1.docker.io/bitnamicharts
  version: 2.15.3
digest: sha256:a4f29eebd7f37c4f25aee1b56363bed266084f1f3b9f19b5d9cd4ea56087620f
generated: "2024-02-16T23:08:54.31784725Z"
