dependencies:
- name: common
  repository: https://charts.bitnami.com/bitnami
  version: 0.6.0
- name: mariadb
  repository: https://charts.bitnami.com/bitnami
  version: 7.9.2
digest: sha256:b8d125b36109960608109d0ac797a21f1014f620cbcd04ade97bf842936b266b
generated: "2020-08-25T09:26:33.855120399Z"
