dependencies:
- name: common
  repository: https://charts.bitnami.com/bitnami
  version: 0.2.0
- name: mariadb
  repository: https://charts.bitnami.com/bitnami
  version: 7.4.1
digest: sha256:16ec1ceeca5e1c417133ced93e64bdaa37695bb2f138c0967dc8a9e639a23d48
generated: "2020-05-07T06:20:33.702478945Z"
