dependencies:
- name: common
  repository: https://charts.bitnami.com/bitnami
  version: 0.3.1
- name: mariadb
  repository: https://charts.bitnami.com/bitnami
  version: 7.5.2
digest: sha256:db68e69ea4eeb01698d8705a7b361c47da385979287cbc1b060656663de48a21
generated: "2020-06-19T07:32:54.011830003Z"
