dependencies:
- name: mongodb
  repository: https://charts.bitmoa.net/bitmoa/
  version: 16.5.45
- name: common
  repository: https://charts.bitmoa.net/bitmoa/
  version: 2.31.4
digest: sha256:5992f438467212b15042d05eb0ebe59190f6e3ee2b7ad101a7f533918a7d8bb7
generated: "2025-09-16T18:11:46.241180385+09:00"
