dependencies:
- name: mariadb
  repository: https://charts.bitnami.com/bitnami
  version: 9.3.11
- name: memcached
  repository: https://charts.bitnami.com/bitnami
  version: 5.12.0
- name: common
  repository: https://charts.bitnami.com/bitnami
  version: 1.5.2
digest: sha256:aa40f3ab4683c82be1da4c1e07fca873db44647fc5684362265aaa583505996f
generated: "2021-05-22T07:21:03.894332549Z"
