dependencies:
- name: memcached
  repository: oci://registry-1.docker.io/bitnamicharts
  version: 7.4.6
- name: mariadb
  repository: oci://registry-1.docker.io/bitnamicharts
  version: 18.2.3
- name: common
  repository: oci://registry-1.docker.io/bitnamicharts
  version: 2.20.3
digest: sha256:f89e035d433b1b8bd8ded0a4ffcf846ca6c1439e55c2dc6f1805d8d9bc34f322
generated: "2024-06-18T13:06:27.041744115Z"
