dependencies:
- name: etcd
  repository: https://charts.bitmoa.net/bitmoa/
  version: 12.0.18
- name: common
  repository: https://charts.bitmoa.net/bitmoa/
  version: 2.31.4
digest: sha256:c545c169820943aabccda8df427ad1d58268b9d219e9b440d84493e99d6edf0f
generated: "2025-09-16T18:10:49.021390885+09:00"
