dependencies:
- name: mariadb
  repository: https://charts.bitnami.com/bitnami
  version: 11.3.1
- name: common
  repository: https://charts.bitnami.com/bitnami
  version: 2.0.3
digest: sha256:eaca37de1f3060c879213102dacb2b093518f56b1bbdbfb22a5aac04438f90c5
generated: "2022-09-29T22:10:23.038937018Z"
