dependencies:
- name: postgresql
  repository: oci://registry-1.docker.io/bitnamicharts
  version: 15.5.17
- name: common
  repository: oci://registry-1.docker.io/bitnamicharts
  version: 2.20.5
- name: cassandra
  repository: oci://registry-1.docker.io/bitnamicharts
  version: 11.3.7
digest: sha256:a96a78b4b2f9f0eb952ba83db4d31cf18750641bc5cde683d6c7c5d2acc8cd1f
generated: "2024-07-23T14:42:59.609093128Z"
