dependencies:
- name: postgresql
  repository: https://charts.bitnami.com/bitnami
  version: 10.9.4
- name: cassandra
  repository: https://charts.bitnami.com/bitnami
  version: 8.0.3
- name: common
  repository: https://charts.bitnami.com/bitnami
  version: 1.8.0
digest: sha256:e3b776dddd6ed508ebe9097b5a58a40fb37ade1bdce81b5dcdae537ab7542751
generated: "2021-08-31T19:29:58.528245663Z"
