dependencies:
- name: postgresql
  repository: https://charts.bitnami.com/bitnami
  version: 8.10.3
- name: cassandra
  repository: https://charts.bitnami.com/bitnami
  version: 5.4.2
digest: sha256:9d31c2c2bc99b65da21a54fd7021815f18a40e6826137e4f99560ccb1a51e7f3
generated: "2020-05-28T20:57:29.942638015Z"
