dependencies:
- name: postgresql
  repository: oci://registry-1.docker.io/bitnamicharts
  version: 12.4.1
- name: common
  repository: oci://registry-1.docker.io/bitnamicharts
  version: 2.2.4
digest: sha256:dafad8f379c147f36e53981a94859a124d4944e10256ffc12c76a32fa4112727
generated: "2023-04-28T01:11:01.603622822Z"
