dependencies:
- name: postgresql
  repository: oci://registry-1.docker.io/bitnamicharts
  version: 16.3.1
- name: common
  repository: oci://registry-1.docker.io/bitnamicharts
  version: 2.28.0
digest: sha256:a762615c2b71666286336f82310793af6909b0fee493b350e808062bbf3c31c6
generated: "2024-12-13T11:18:45.315219543Z"
