dependencies:
- name: postgresql
  repository: oci://registry-1.docker.io/bitnamicharts
  version: 12.11.1
- name: common
  repository: oci://registry-1.docker.io/bitnamicharts
  version: 2.10.1
digest: sha256:77967704a9ee701f29cba32fef3328d75578c1f125e8b552b13b829c4bb59fce
generated: "2023-09-08T11:53:55.123629553Z"
