dependencies:
- name: mongodb
  repository: https://kubernetes-charts.storage.googleapis.com/
  version: 2.0.6
- name: bitnami-common
  repository: https://charts.bitnami.com/bitnami
  version: 0.0.3
digest: sha256:cb7ae61059b5921677d2b68e4d0c3edfe6ea6535c2e3c7f95c9a623e09726dd1
generated: 2018-06-01T14:02:00.714271422Z
