dependencies:
- name: redis
  repository: https://charts.bitnami.com/bitnami
  version: 17.1.1
- name: common
  repository: https://charts.bitnami.com/bitnami
  version: 2.0.1
digest: sha256:e419edad6ee24e8b4e3a543eaf8d649aa61a0a00925c375efc51879094a73b5a
generated: "2022-08-23T22:52:27.507240838Z"
