dependencies:
- name: redis
  repository: https://charts.bitnami.com/bitnami
  version: 16.9.5
- name: common
  repository: https://charts.bitnami.com/bitnami
  version: 1.14.0
digest: sha256:82f632e0283e50fbee6521ddb3824d4a0ee8e6ae69c6cf9312eb7cb0ec3e120a
generated: "2022-05-17T12:56:31.659111392Z"
