dependencies:
- name: memcached
  repository: https://charts.bitnami.com/bitnami
  version: 6.0.16
- name: common
  repository: https://charts.bitnami.com/bitnami
  version: 1.13.0
digest: sha256:6d84d404292e0907e2a154dfb1b20bb46ca4bb7aeeb767125cad1a6663d296c5
generated: "2022-04-21T22:05:38.914543957Z"
