dependencies:
- name: memcached
  repository: https://charts.bitnami.com/bitnami
  version: 6.3.5
- name: common
  repository: https://charts.bitnami.com/bitnami
  version: 2.2.2
digest: sha256:4ebbf41145f3ad99cb819b974b675fc5ceedc7a0d1dfd76260cfd5ac5893d7b6
generated: "2023-01-13T09:36:37.447133959Z"
