dependencies:
- name: postgresql
  repository: https://charts.bitnami.com/bitnami
  version: 11.1.17
- name: common
  repository: https://charts.bitnami.com/bitnami
  version: 1.13.0
digest: sha256:52503d58fcb3310f6cce882dbb428eb69f108075cab65d1a8fd8dc038b61b347
generated: "2022-04-06T08:36:45.464247952Z"
