dependencies:
- name: postgresql
  repository: oci://registry-1.docker.io/bitnamicharts
  version: 16.4.3
- name: common
  repository: oci://registry-1.docker.io/bitnamicharts
  version: 2.29.0
digest: sha256:53c3dbd420e0fb37fe3399fc6297ff683d4074e1e41d9526e68297c79225f846
generated: "2025-01-15T14:31:34.339784916Z"
