dependencies:
- name: memcached
  repository: oci://registry-1.docker.io/bitnamicharts
  version: 7.0.4
- name: memcached
  repository: oci://registry-1.docker.io/bitnamicharts
  version: 7.0.4
- name: memcached
  repository: oci://registry-1.docker.io/bitnamicharts
  version: 7.0.4
- name: memcached
  repository: oci://registry-1.docker.io/bitnamicharts
  version: 7.0.4
- name: common
  repository: oci://registry-1.docker.io/bitnamicharts
  version: 2.19.2
digest: sha256:19c874efb45e7608fdfae991c43a4434a6ac5c0d131a823d6bdd06634c5283d9
generated: "2024-05-07T23:31:51.754112002Z"
