dependencies:
- name: memcached
  repository: oci://registry-1.docker.io/bitnamicharts
  version: 7.4.8
- name: memcached
  repository: oci://registry-1.docker.io/bitnamicharts
  version: 7.4.8
- name: memcached
  repository: oci://registry-1.docker.io/bitnamicharts
  version: 7.4.8
- name: memcached
  repository: oci://registry-1.docker.io/bitnamicharts
  version: 7.4.8
- name: common
  repository: oci://registry-1.docker.io/bitnamicharts
  version: 2.20.5
digest: sha256:d0f4b8a87a314b3119f27edcd6fe54e7924449a01e35203a1088176235b34e82
generated: "2024-07-16T12:07:15.439822+02:00"
