dependencies:
- name: memcached
  repository: https://charts.bitnami.com/bitnami
  version: 6.3.0
- name: memcached
  repository: https://charts.bitnami.com/bitnami
  version: 6.3.0
- name: memcached
  repository: https://charts.bitnami.com/bitnami
  version: 6.3.0
- name: memcached
  repository: https://charts.bitnami.com/bitnami
  version: 6.3.0
- name: common
  repository: https://charts.bitnami.com/bitnami
  version: 2.1.2
digest: sha256:a72ef85f68eba93126a2b2998d672ea473dee95ecf3c213e7ebfe2f1a6daef29
generated: "2022-11-09T03:26:28.896356015Z"
