dependencies:
- name: kube-state-metrics
  repository: https://charts.bitnami.com/bitnami
  version: 2.2.16
- name: common
  repository: https://charts.bitnami.com/bitnami
  version: 1.13.0
digest: sha256:72fa4a3de6247322acce83b601868f32f57c73d9fce9b5f1fb6a75e38ae6266d
generated: "2022-04-06T06:15:13.033521225Z"
