dependencies:
- name: common
  repository: https://charts.bitnami.com/bitnami
  version: 0.6.2
- name: kube-state-metrics
  repository: https://charts.bitnami.com/bitnami
  version: 0.5.2
digest: sha256:cb7e55a4fc1c1faca87240af5f1f977f84d14395fcc5e2560424a5fbea32eaae
generated: "2020-09-16T14:32:52.093777987Z"
