dependencies:
- name: mariadb
  repository: oci://registry-1.docker.io/bitnamicharts
  version: 14.1.4
- name: common
  repository: oci://registry-1.docker.io/bitnamicharts
  version: 2.13.3
digest: sha256:14ff95ccb9d986ed07c18e9c558e291db73c0be4beb0a458a2ee5f18e0384141
generated: "2023-12-12T19:48:36.399716557Z"
