dependencies:
- name: common
  repository: https://charts.bitnami.com/bitnami
  version: 1.10.0
- name: mariadb
  repository: https://charts.bitnami.com/bitnami
  version: 9.6.3
digest: sha256:788fe4eac8ce464d1892ebd0b479f8c2c4d65c09a2e18da5ced3765ac24c1cb6
generated: "2021-10-22T19:51:02.208201188Z"
