dependencies:
- name: mariadb
  repository: oci://registry-1.docker.io/bitnamicharts
  version: 20.4.1
- name: common
  repository: oci://registry-1.docker.io/bitnamicharts
  version: 2.30.0
digest: sha256:af4f501a47e432a054c2cb5b139538438e07b8215d728d792225cd2b625de951
generated: "2025-03-07T22:47:17.369970995Z"
