dependencies:
- name: mariadb
  repository: https://charts.bitnami.com/bitnami
  version: 7.6.1
- name: common
  repository: https://charts.bitnami.com/bitnami
  version: 0.3.1
digest: sha256:80e4d5d28b7880d048d90bda3d73010532f34017c32cb398a61efea9127b8b67
generated: "2020-07-02T12:28:41.173355+02:00"
