dependencies:
- name: mariadb
  repository: https://charts.bitnami.com/bitnami
  version: 7.9.2
- name: common
  repository: https://charts.bitnami.com/bitnami
  version: 0.6.0
digest: sha256:fcf2611d5e14eae9a6121a0041a5014ff8f181dc1f98adfdfc238a96a94d374b
generated: "2020-08-25T23:32:11.969278078Z"
