dependencies:
- name: mariadb
  repository: https://charts.bitnami.com/bitnami
  version: 7.10.1
- name: common
  repository: https://charts.bitnami.com/bitnami
  version: 0.6.2
digest: sha256:b98190cf51f92e2499927a7fa0fb289395e3bfb5e5ff4e5e9a819090831ed5f7
generated: "2020-09-21T05:03:41.11133293Z"
