dependencies:
- name: mariadb
  repository: https://charts.bitnami.com/bitnami
  version: 9.3.14
- name: common
  repository: https://charts.bitnami.com/bitnami
  version: 1.6.1
digest: sha256:21988ef1599de51dcb32db2ca32b633d18f4b0e3e8917c8a24f300b2dbdeac35
generated: "2021-06-18T09:13:53.627164176Z"
