dependencies:
- name: mariadb
  repository: https://charts.bitnami.com/bitnami
  version: 9.8.1
- name: common
  repository: https://charts.bitnami.com/bitnami
  version: 1.10.3
digest: sha256:cb96e235b02093c9500f89415a8499089c12bf0cf792a872970ce10fda67563d
generated: "2021-12-14T09:49:31.856433185Z"
