dependencies:
- name: zookeeper
  repository: https://charts.bitmoa.net/bitmoa/
  version: 13.8.7
- name: common
  repository: https://charts.bitmoa.net/bitmoa/
  version: 2.31.4
digest: sha256:3501e3e41d64806f4ceb9f0b0666fa86f061849d53a0a29c90116a6ed1cf04e3
generated: "2025-09-16T18:11:56.006735103+09:00"
