dependencies:
- name: minio
  repository: https://charts.bitmoa.net/bitmoa/
  version: 17.0.21
- name: zookeeper
  repository: https://charts.bitmoa.net/bitmoa/
  version: 13.8.7
- name: common
  repository: https://charts.bitmoa.net/bitmoa/
  version: 2.31.4
digest: sha256:d24441d1d0c01a1a5d8aa80f28e4060378fce0f57bb85e8a2db88385086591e5
generated: "2025-09-16T18:11:01.915210406+09:00"
