dependencies:
- name: mariadb
  repository: https://charts.bitmoa.net/bitmoa/
  version: 22.0.0
- name: postgresql
  repository: https://charts.bitmoa.net/bitmoa/
  version: 16.7.27
- name: common
  repository: https://charts.bitmoa.net/bitmoa/
  version: 2.31.4
digest: sha256:a0c70212e8ac08d76f806ff4ae89471d5459d06cb7b17b31b2789e388915c670
generated: "2025-09-16T18:11:55.266925047+09:00"
