dependencies:
- name: mariadb
  repository: https://charts.bitnami.com/bitnami
  version: 10.3.2
- name: memcached
  repository: https://charts.bitnami.com/bitnami
  version: 6.0.3
- name: common
  repository: https://charts.bitnami.com/bitnami
  version: 1.11.1
digest: sha256:fd5bc55058e71682017dda5267afc0c5a08d58742d885fbfdb679c654c911685
generated: "2022-02-11T17:39:48.844848492Z"
