dependencies:
- name: postgresql
  repository: oci://registry-1.docker.io/bitnamicharts
  version: 12.12.7
- name: common
  repository: oci://registry-1.docker.io/bitnamicharts
  version: 2.12.0
digest: sha256:68eee52980d1b35e7933f4fd6746663a09c9a4601f8e476e4ed3036dcf43a090
generated: "2023-09-25T19:40:23.428856197Z"
