dependencies:
- name: postgresql
  repository: oci://registry-1.docker.io/bitnamicharts
  version: 15.3.1
- name: common
  repository: oci://registry-1.docker.io/bitnamicharts
  version: 2.19.2
digest: sha256:0a137267accf031c1dd6e0f4779956e4e1c02065ff182b6eeadd95f9c5873bc9
generated: "2024-05-14T05:15:22.194276253Z"
