dependencies:
- name: mariadb
  repository: https://charts.bitnami.com/bitnami
  version: 9.8.0
- name: common
  repository: https://charts.bitnami.com/bitnami
  version: 1.10.1
digest: sha256:124222f86ce130d1f29cc55996139697e6c9f8c772659432511dc0eca2de4d91
generated: "2021-11-10T22:11:11.002766+01:00"
