dependencies:
- name: mariadb
  repository: https://charts.bitnami.com/bitnami
  version: 7.10.2
- name: common
  repository: https://charts.bitnami.com/bitnami
  version: 0.6.2
digest: sha256:1fe0358570272b7a3036cfcd7201e26ab954e2920f21a48f6fa5661cbd9c70b3
generated: "2020-09-21T15:14:06.10113747Z"
