dependencies:
- name: mariadb
  repository: https://charts.bitnami.com/bitnami
  version: 7.6.1
- name: common
  repository: https://charts.bitnami.com/bitnami
  version: 0.3.1
digest: sha256:561ad0212a06ec6416598b95257dce5ad03bffb16b4bc95aa24c5cdbd7fafce5
generated: "2020-07-06T18:21:33.532503278+02:00"
