dependencies:
- name: mariadb
  repository: https://charts.bitnami.com/bitnami
  version: 8.0.2
- name: common
  repository: https://charts.bitnami.com/bitnami
  version: 0.8.1
digest: sha256:95d3e10b5d55c7573284dc63386192e50256904a61668e7c75c4c066718ee735
generated: "2020-10-07T10:45:57.889889+02:00"
