dependencies:
- name: redis
  repository: https://charts.bitmoa.net/bitmoa/
  version: 22.0.7
- name: postgresql
  repository: https://charts.bitmoa.net/bitmoa/
  version: 16.7.27
- name: common
  repository: https://charts.bitmoa.net/bitmoa/
  version: 2.31.4
digest: sha256:22f215bc173449150a64fbb50e3b3e0cf6e216a872d91e7a33950edde80f6557
generated: "2025-09-16T18:11:17.410036388+09:00"
