dependencies:
- name: mariadb
  repository: oci://ghcr.io/cloudcops
  version: 21.0.0
- name: postgresql
  repository: oci://ghcr.io/cloudcops
  version: 16.7.13
- name: common
  repository: oci://ghcr.io/cloudcops
  version: 2.31.3
digest: sha256:27bc32bbad1d2809d916b81ff97f6e3e54cae6d5edbaf125dacddfaf10696e96
generated: "2025-06-25T17:16:53.246278+02:00"
