dependencies:
- name: postgresql
  repository: oci://registry-1.docker.io/bitnamicharts
  version: 16.2.5
- name: common
  repository: oci://registry-1.docker.io/bitnamicharts
  version: 2.27.2
digest: sha256:827eacdba5429c70ceb607851e848c3b458c21a776b303360d4995088362dfa8
generated: "2024-12-06T10:51:17.486217053Z"
