dependencies:
- name: postgresql
  repository: oci://registry-1.docker.io/bitnamicharts
  version: 15.5.11
- name: common
  repository: oci://registry-1.docker.io/bitnamicharts
  version: 2.20.3
digest: sha256:13e8f39957944737f4bcf70fe00a187c0759b375633c68c9f109d7500d2a623d
generated: "2024-06-28T12:13:52.736899521Z"
