dependencies:
- name: postgresql
  repository: oci://registry-1.docker.io/bitnamicharts
  version: 15.5.16
- name: common
  repository: oci://registry-1.docker.io/bitnamicharts
  version: 2.20.4
digest: sha256:5c93d00902a9a347213e2cd1598f037c662eb189713320b1ea327b3715208c58
generated: "2024-07-11T16:26:54.508035883Z"
