dependencies:
- name: node-exporter
  repository: oci://registry-1.docker.io/bitnamicharts
  version: 4.4.14
- name: kube-state-metrics
  repository: oci://registry-1.docker.io/bitnamicharts
  version: 4.2.12
- name: common
  repository: oci://registry-1.docker.io/bitnamicharts
  version: 2.22.0
digest: sha256:4ccc8b0210a70765175e3bb4a77dbff1a825acba167b5bd4378a7e768b0026af
generated: "2024-09-03T11:57:17.815140741Z"
