dependencies:
- name: node-exporter
  repository: https://charts.bitnami.com/bitnami
  version: 2.4.5
- name: kube-state-metrics
  repository: https://charts.bitnami.com/bitnami
  version: 2.2.12
- name: common
  repository: https://charts.bitnami.com/bitnami
  version: 1.12.0
digest: sha256:d82bb139044403398dc47ad84edb629e0a2d58bfac62c2d74394ff1d6baaa8db
generated: "2022-03-16T18:56:51.353854713Z"
