dependencies:
- name: common
  repository: https://charts.bitnami.com/bitnami
  version: 0.10.0
- name: node-exporter
  repository: https://charts.bitnami.com/bitnami
  version: 1.1.6
- name: kube-state-metrics
  repository: https://charts.bitnami.com/bitnami
  version: 0.5.6
digest: sha256:57070ba11575285fbe51bb5686ba11b763b365db16cf2ba59895d73161add863
generated: "2020-11-04T21:35:39.149708101Z"
