dependencies:
- name: common
  repository: https://charts.bitnami.com/bitnami
  version: 0.9.0
- name: node-exporter
  repository: https://charts.bitnami.com/bitnami
  version: 1.1.6
- name: kube-state-metrics
  repository: https://charts.bitnami.com/bitnami
  version: 0.5.6
digest: sha256:19f5c0ba1a54cdd90b821825c9eb58fb82e3cd5563710e633cad326f79544518
generated: "2020-10-21T21:13:20.450819285Z"
