dependencies:
- name: redis
  repository: oci://registry-1.docker.io/bitnamicharts
  version: 19.6.0
- name: mongodb
  repository: oci://registry-1.docker.io/bitnamicharts
  version: 15.6.11
- name: common
  repository: oci://registry-1.docker.io/bitnamicharts
  version: 2.20.3
digest: sha256:34824913b6d7c9131ca71904b1c455a1a21f058709f230daa9355bd01fad8999
generated: "2024-06-28T07:01:55.247321314Z"
