dependencies:
- name: redis
  repository: oci://registry-1.docker.io/bitnamicharts
  version: 20.6.3
- name: mongodb
  repository: oci://registry-1.docker.io/bitnamicharts
  version: 16.4.1
- name: common
  repository: oci://registry-1.docker.io/bitnamicharts
  version: 2.29.0
digest: sha256:0e41cf21e32d92cbdbd158c031ced7816bb1f5423f001266f82306a817c5f530
generated: "2025-01-16T18:07:34.391716228Z"
