dependencies:
- name: etcd
  repository: https://charts.bitmoa.net/bitmoa/
  version: 12.0.18
- name: kafka
  repository: https://charts.bitmoa.net/bitmoa/
  version: 32.4.3
- name: minio
  repository: https://charts.bitmoa.net/bitmoa/
  version: 17.0.21
- name: common
  repository: https://charts.bitmoa.net/bitmoa/
  version: 2.31.4
digest: sha256:d64fba16718f082f8dc430eafb6cbe7dfcfecbdd2d8f38ab70294651ddcb36d9
generated: "2025-09-16T18:11:35.28383101+09:00"
