dependencies:
- name: mariadb
  repository: oci://registry-1.docker.io/bitnamicharts
  version: 19.0.7
- name: common
  repository: oci://registry-1.docker.io/bitnamicharts
  version: 2.23.0
digest: sha256:27e633e4188111baea663a8fe6c345dbf59b1c18e521c046c27e75b6d2ae0bd0
generated: "2024-09-25T22:20:39.639747926Z"
