dependencies:
- name: mariadb
  repository: oci://registry-1.docker.io/bitnamicharts
  version: 18.0.1
- name: common
  repository: oci://registry-1.docker.io/bitnamicharts
  version: 2.19.1
digest: sha256:892e38c7f6fea287c4a6a4e49e513bb52531f2d7b09f3a274d7b6bf81a1a07fb
generated: "2024-04-05T17:19:54.530789756Z"
