dependencies:
- name: etcd
  repository: oci://registry-1.docker.io/bitnamicharts
  version: 12.0.15
- name: kafka
  repository: oci://registry-1.docker.io/bitnamicharts
  version: 32.3.11
- name: minio
  repository: oci://registry-1.docker.io/bitnamicharts
  version: 17.0.16
- name: common
  repository: oci://registry-1.docker.io/bitnamicharts
  version: 2.31.3
digest: sha256:9670123084275356b032ed017656ad678b6f96f25f8ccafc26645bd6cd304950
generated: "2025-08-07T18:42:44.696941139Z"
