dependencies:
- name: etcd
  repository: oci://registry-1.docker.io/bitnamicharts
  version: 12.0.1
- name: kafka
  repository: oci://registry-1.docker.io/bitnamicharts
  version: 32.2.12
- name: minio
  repository: oci://registry-1.docker.io/bitnamicharts
  version: 17.0.1
- name: common
  repository: oci://registry-1.docker.io/bitnamicharts
  version: 2.31.1
digest: sha256:2704e238d9b6f9628aeed634adbfd5ba2c80b9b799a96039b2d29b456873b31c
generated: "2025-06-04T08:48:31.940112+02:00"
