dependencies:
- name: mariadb
  repository: oci://registry-1.docker.io/bitnamicharts
  version: 20.4.2
- name: common
  repository: oci://registry-1.docker.io/bitnamicharts
  version: 2.30.0
digest: sha256:1de6cb84185350e6b1b70709b42c485a96999043f9caf540323fea6467820d24
generated: "2025-03-23T10:04:44.609745845Z"
