dependencies:
- name: mariadb
  repository: oci://registry-1.docker.io/bitnamicharts
  version: 12.2.8
- name: common
  repository: oci://registry-1.docker.io/bitnamicharts
  version: 2.6.0
digest: sha256:c7f9d267660e07dec94835f3c81c5f33dc843d6d624dca774ef47bda23f156c2
generated: "2023-07-17T21:06:26.600966865Z"
