dependencies:
- name: mariadb
  repository: oci://registry-1.docker.io/bitnamicharts
  version: 20.3.1
- name: common
  repository: oci://registry-1.docker.io/bitnamicharts
  version: 2.30.0
digest: sha256:193fc7b8278f6b32f89478cfcfbc84833ebcbb08c6f445bad329883b545d6609
generated: "2025-02-20T22:53:45.288137361Z"
