dependencies:
- name: common
  repository: https://charts.bitnami.com/bitnami
  version: 0.3.0
- name: mariadb
  repository: https://charts.bitnami.com/bitnami
  version: 7.4.3
digest: sha256:ebd675c966fd5b61b93654e4c01c13e2f91e0c491dfc94c0c1ad80adbaeac43d
generated: "2020-06-02T15:38:52.99037664+02:00"
