dependencies:
- name: common
  repository: https://charts.bitnami.com/bitnami
  version: 0.6.2
- name: mariadb
  repository: https://charts.bitnami.com/bitnami
  version: 7.9.3
digest: sha256:0312c24b3dd01e3b6281525211ed98c9da2839f1693fcf76062f88c43988380f
generated: "2020-09-04T05:38:38.371605904Z"
