dependencies:
- name: common
  repository: https://charts.bitnami.com/bitnami
  version: 0.3.1
- name: mariadb
  repository: https://charts.bitnami.com/bitnami
  version: 7.5.2
digest: sha256:9ca28a4ae468e82cc858182cd4f0ba76173b96b68a72e38bdc4b1f1a12603b00
generated: "2020-06-24T08:30:55.358041592Z"
