dependencies:
- name: redis
  repository: https://charts.bitnami.com/bitnami
  version: 16.12.2
- name: postgresql
  repository: https://charts.bitnami.com/bitnami
  version: 11.6.7
- name: common
  repository: https://charts.bitnami.com/bitnami
  version: 1.16.0
digest: sha256:f8f2f4503f4d4f194dc243462c07bc2354aa896f4579d82a54528753c3923d5e
generated: "2022-06-20T14:44:22.426777168Z"
