dependencies:
- name: postgresql
  repository: https://charts.bitnami.com/bitnami
  version: 4.2.2
- name: redis
  repository: https://charts.bitnami.com/bitnami
  version: 7.1.1
digest: sha256:df803216464c2e9422e4a97214aad873cc91214543ab8eb399da8005db862a95
generated: 2019-06-10T03:18:47.813464268Z
