dependencies:
- name: postgresql
  repository: https://charts.bitnami.com/bitnami
  version: 6.5.9
- name: redis
  repository: https://charts.bitnami.com/bitnami
  version: 9.5.5
digest: sha256:447941decf87f270de280f9c0671ee05981a2addd39cf9f2badf6a415ac037a2
generated: "2020-02-20T15:25:40.763491235Z"
