dependencies:
- name: postgresql
  repository: https://charts.bitnami.com/bitnami
  version: 8.5.0
- name: redis
  repository: https://charts.bitnami.com/bitnami
  version: 10.5.6
digest: sha256:8af39f1546cbafc2e2329d78b422a95883e4d7500181d14b27bc64dd534d7388
generated: "2020-03-04T18:17:44.522682866Z"
