dependencies:
- name: mariadb
  repository: oci://registry-1.docker.io/bitnamicharts
  version: 18.0.0
- name: common
  repository: oci://registry-1.docker.io/bitnamicharts
  version: 2.19.1
digest: sha256:8bde7c4cb3a56b6ade4a983ad9f4c2a7d74c9ca7513ca0ad73f9a020b477024e
generated: "2024-04-02T17:55:23.655686+02:00"
