dependencies:
- name: mariadb
  repository: https://charts.bitnami.com/bitnami
  version: 9.3.11
- name: common
  repository: https://charts.bitnami.com/bitnami
  version: 1.5.1
digest: sha256:e3c9b2070aa9944299719ddf1c616bea15da1e8f40706af198b8554a6b9dccae
generated: "2021-05-20T22:17:34.600887326Z"
