dependencies:
- name: mariadb
  repository: https://charts.bitnami.com/bitnami
  version: 9.3.17
- name: common
  repository: https://charts.bitnami.com/bitnami
  version: 1.7.0
digest: sha256:41375ee3440e851602f6d3ae23d21e61e31ca341552845c1ba3f3356d8a7e05a
generated: "2021-07-20T19:20:27.673959616Z"
