dependencies:
- name: mariadb
  repository: https://charts.bitnami.com/bitnami
  version: 8.0.7
- name: common
  repository: https://charts.bitnami.com/bitnami
  version: 0.10.0
digest: sha256:59d155210cf6c256013663c328535d5edeb2025fc91d5e7a4e6972598c850d47
generated: "2020-11-07T11:02:14.139405321Z"
