dependencies:
- name: minio
  repository: oci://registry-1.docker.io/bitnamicharts
  version: 14.6.25
- name: memcached
  repository: oci://registry-1.docker.io/bitnamicharts
  version: 7.4.9
- name: memcached
  repository: oci://registry-1.docker.io/bitnamicharts
  version: 7.4.9
- name: memcached
  repository: oci://registry-1.docker.io/bitnamicharts
  version: 7.4.9
- name: memcached
  repository: oci://registry-1.docker.io/bitnamicharts
  version: 7.4.9
- name: common
  repository: oci://registry-1.docker.io/bitnamicharts
  version: 2.20.5
digest: sha256:29128b20623794cbce7aac85af37742e0834d2fb298127fb1f17f2353c6b4b36
generated: "2024-07-22T12:37:11.945031+02:00"
