dependencies:
- name: minio
  repository: oci://registry-1.docker.io/bitnamicharts
  version: 12.2.6
- name: memcached
  repository: oci://registry-1.docker.io/bitnamicharts
  version: 6.3.14
- name: memcached
  repository: oci://registry-1.docker.io/bitnamicharts
  version: 6.3.14
- name: memcached
  repository: oci://registry-1.docker.io/bitnamicharts
  version: 6.3.14
- name: memcached
  repository: oci://registry-1.docker.io/bitnamicharts
  version: 6.3.14
- name: common
  repository: https://charts.bitnami.com/bitnami
  version: 2.2.4
digest: sha256:1244a65aa9a8ee3f81b4fc1441a8a4f680cdc3172bc8c8a68c0a4633d9f74e21
generated: "2023-04-20T19:26:49.271341126Z"
