dependencies:
- name: mariadb
  repository: https://charts.bitmoa.net/bitmoa/
  version: 22.0.0
- name: common
  repository: https://charts.bitmoa.net/bitmoa/
  version: 2.31.4
digest: sha256:50880945040a7606c7b7c172ce61024602e6f8217a54e7f478c7253df1e5cd43
generated: "2025-09-16T18:11:03.025682426+09:00"
