dependencies:
- name: mariadb
  repository: https://charts.bitnami.com/bitnami
  version: 11.5.0
- name: common
  repository: https://charts.bitnami.com/bitnami
  version: 2.2.3
digest: sha256:9687647ce407595630b3dde63c570698934d771a7566c659436ea92f94ea9851
generated: "2023-02-26T23:40:03.042919941Z"
