dependencies:
- name: haproxy
  repository: https://charts.bitnami.com/bitnami
  version: 0.3.34
- name: common
  repository: https://charts.bitnami.com/bitnami
  version: 2.0.0
digest: sha256:615efe9166f578b2cced5fa7bf04730f8ac259805dfb7e2c2e637c26949e726b
generated: "2022-08-20T10:57:51.425450634Z"
