dependencies:
- name: node-exporter
  repository: https://charts.bitnami.com/bitnami
  version: 0.2.14
- name: kube-state-metrics
  repository: https://charts.bitnami.com/bitnami
  version: 0.3.2
digest: sha256:c3ad5c6d50510de948f695a1e49fc4a8070f0db0dfcfd5333dfb57b39d372c53
generated: "2020-06-16T08:42:05.488315829Z"
