dependencies:
- name: node-exporter
  repository: https://charts.bitnami.com/bitnami
  version: 0.2.2
- name: kube-state-metrics
  repository: https://charts.bitnami.com/bitnami
  version: 0.1.12
digest: sha256:34837d42032023bb854e90f649b7c518cfd135536711b2b263b071696fe11c69
generated: "2020-02-12T14:33:13.554612456Z"
