dependencies:
- name: node-exporter
  repository: https://charts.bitnami.com/bitnami
  version: 0.2.3
- name: kube-state-metrics
  repository: https://charts.bitnami.com/bitnami
  version: 0.1.12
digest: sha256:ba9f3b0e15ef5d186d0e6e51792302b224c9853bae130472153bcc4e3f518eca
generated: "2020-02-20T12:42:07.960036447Z"
