dependencies:
- name: redis
  repository: oci://registry-1.docker.io/bitnamicharts
  version: 18.0.0
- name: postgresql
  repository: oci://registry-1.docker.io/bitnamicharts
  version: 12.10.0
- name: elasticsearch
  repository: oci://registry-1.docker.io/bitnamicharts
  version: 19.11.0
- name: minio
  repository: oci://registry-1.docker.io/bitnamicharts
  version: 12.8.0
- name: apache
  repository: oci://registry-1.docker.io/bitnamicharts
  version: 9.6.5
- name: common
  repository: oci://registry-1.docker.io/bitnamicharts
  version: 2.9.0
digest: sha256:977a9506f148992c2fafd0e97f2db84549dabe4e50f1d884fa8341c128b5e000
generated: "2023-08-28T08:47:08.362879824+02:00"
