dependencies:
- name: redis
  repository: oci://registry-1.docker.io/bitnamicharts
  version: 20.0.2
- name: postgresql
  repository: oci://registry-1.docker.io/bitnamicharts
  version: 15.5.22
- name: elasticsearch
  repository: oci://registry-1.docker.io/bitnamicharts
  version: 21.3.8
- name: minio
  repository: oci://registry-1.docker.io/bitnamicharts
  version: 14.7.0
- name: apache
  repository: oci://registry-1.docker.io/bitnamicharts
  version: 11.2.13
- name: common
  repository: oci://registry-1.docker.io/bitnamicharts
  version: 2.22.0
digest: sha256:3bfb2b8d11632a150ce5e93588598708ce215645f60eaa5b23943192079814dc
generated: "2024-08-16T16:00:20.089088725Z"
