dependencies:
- name: redis
  repository: oci://registry-1.docker.io/bitnamicharts
  version: 20.7.0
- name: postgresql
  repository: oci://registry-1.docker.io/bitnamicharts
  version: 16.4.8
- name: elasticsearch
  repository: oci://registry-1.docker.io/bitnamicharts
  version: 21.4.5
- name: minio
  repository: oci://registry-1.docker.io/bitnamicharts
  version: 15.0.3
- name: apache
  repository: oci://registry-1.docker.io/bitnamicharts
  version: 11.3.2
- name: common
  repository: oci://registry-1.docker.io/bitnamicharts
  version: 2.29.1
digest: sha256:52fd9afbf93f2a74f102d4a5b0c09d1059fc6b689258bc5dd681bf31119805d5
generated: "2025-02-14T14:46:41.523133863Z"
