dependencies:
- name: postgresql
  repository: oci://registry-1.docker.io/bitnamicharts
  version: 12.5.2
- name: kong
  repository: oci://registry-1.docker.io/bitnamicharts
  version: 9.3.1
- name: common
  repository: oci://registry-1.docker.io/bitnamicharts
  version: 2.3.0
digest: sha256:bf6fec62350b9c1edca8c6dfdbaf8792bbf5883a08367a83654a36fec4b42651
generated: "2023-05-16T19:09:38.243552943Z"
