dependencies:
- name: minio
  repository: oci://registry-1.docker.io/bitnamicharts
  version: 15.0.3
- name: zookeeper
  repository: oci://registry-1.docker.io/bitnamicharts
  version: 13.7.3
- name: common
  repository: oci://registry-1.docker.io/bitnamicharts
  version: 2.30.0
digest: sha256:43a84ea0b6cead70e46c6c0cc1e6d1c299d7f76a2495009a7bc33323a0cc2c7a
generated: "2025-02-19T14:00:58.612286008Z"
