dependencies:
- name: minio
  repository: oci://registry-1.docker.io/bitnamicharts
  version: 14.6.22
- name: zookeeper
  repository: oci://registry-1.docker.io/bitnamicharts
  version: 13.4.7
- name: common
  repository: oci://registry-1.docker.io/bitnamicharts
  version: 2.20.4
digest: sha256:dd71652667e806775f9e37d3ae41e7e1dd525769fdaac3bffa77121cc95a44b1
generated: "2024-07-16T10:00:23.453602+02:00"
