dependencies:
- name: mariadb
  repository: https://charts.bitnami.com/bitnami
  version: 10.3.2
- name: common
  repository: https://charts.bitnami.com/bitnami
  version: 1.10.4
digest: sha256:9917f85b8db7de0b17f60369dd85a327c693ae38c99471b074bfd933bbb87fbc
generated: "2022-01-27T11:30:04.923420868Z"
