dependencies:
- name: zookeeper
  repository: oci://registry-1.docker.io/bitnamicharts
  version: 11.4.2
- name: common
  repository: oci://registry-1.docker.io/bitnamicharts
  version: 2.4.0
digest: sha256:d0d3db738ca58fe404cf471499d6cc66827a3480835f4cab0de5053c9684950e
generated: "2023-05-31T11:38:49.614251-04:00"
