dependencies:
- name: common
  repository: https://charts.bitnami.com/bitnami
  version: 0.7.1
- name: zookeeper
  repository: https://charts.bitnami.com/bitnami
  version: 5.21.9
digest: sha256:8eb5c381d267434360f1646319daf668eb3c2fab26c20361a6825b46fc8ee618
generated: "2020-09-25T13:33:13.807453+02:00"
