dependencies:
- name: redis
  repository: oci://registry-1.docker.io/bitnamicharts
  version: 19.6.0
- name: common
  repository: oci://registry-1.docker.io/bitnamicharts
  version: 2.20.3
digest: sha256:fc57577091d6ef283807310fdd6b1b789199154c9bd8ef752c8f4a577a8f5efa
generated: "2024-06-28T06:43:01.32202477Z"
