dependencies:
- name: common
  repository: https://charts.bitnami.com/bitnami
  version: 1.5.2
- name: mariadb
  repository: https://charts.bitnami.com/bitnami
  version: 9.3.11
- name: postgresql
  repository: https://charts.bitnami.com/bitnami
  version: 10.4.6
digest: sha256:ee47a6858352b05c5a9474c0cebd5a0ff78400921370b35819d87ced8bf0cce9
generated: "2021-05-22T23:35:10.222549876Z"
