dependencies:
- name: postgresql
  repository: oci://registry-1.docker.io/bitnamicharts
  version: 16.6.3
- name: mariadb
  repository: oci://registry-1.docker.io/bitnamicharts
  version: 20.4.3
- name: common
  repository: oci://registry-1.docker.io/bitnamicharts
  version: 2.30.0
digest: sha256:68208aa38636ee515cf2c973da91923b3ac7f485fe90041c0a4faf5ea8624859
generated: "2025-04-21T10:43:49.911919397Z"
