dependencies:
- name: grafana-alloy
  repository: https://charts.bitmoa.net/bitmoa/
  version: 1.0.7
- name: memcached
  repository: https://charts.bitmoa.net/bitmoa/
  version: 7.9.7
- name: memcached
  repository: https://charts.bitmoa.net/bitmoa/
  version: 7.9.7
- name: memcached
  repository: https://charts.bitmoa.net/bitmoa/
  version: 7.9.7
- name: memcached
  repository: https://charts.bitmoa.net/bitmoa/
  version: 7.9.7
- name: common
  repository: https://charts.bitmoa.net/bitmoa/
  version: 2.31.4
digest: sha256:3cfe36e69280ba4a820c5dd93d42d4a97b0e334bd34b1426f5f4d41a93d1f7ea
generated: "2025-09-16T18:11:12.6444237+09:00"
